
Microsoft Visual Studio Solution File, Format Version 12.00
# Visual Studio Version 17
VisualStudioVersion = 17.10.35013.160
MinimumVisualStudioVersion = 10.0.40219.1
Project("{FAE04EC0-301F-11D3-BF4B-00C04F79EFBC}") = "TP-Winforms", "TP-Winforms\TP-Winforms.csproj", "{D3671B16-5097-4BF6-B98D-D1834B7DFE47}"
EndProject
Global
	GlobalSection(SolutionConfigurationPlatforms) = preSolution
		Debug|Any CPU = Debug|Any CPU
		Release|Any CPU = Release|Any CPU
	EndGlobalSection
	GlobalSection(ProjectConfigurationPlatforms) = postSolution
		{D3671B16-5097-4BF6-B98D-D1834B7DFE47}.Debug|Any CPU.ActiveCfg = Debug|Any CPU
		{D3671B16-5097-4BF6-B98D-D1834B7DFE47}.Debug|Any CPU.Build.0 = Debug|Any CPU
		{D3671B16-5097-4BF6-B98D-D1834B7DFE47}.Release|Any CPU.ActiveCfg = Release|Any CPU
		{D3671B16-5097-4BF6-B98D-D1834B7DFE47}.Release|Any CPU.Build.0 = Release|Any CPU
	EndGlobalSection
	GlobalSection(SolutionProperties) = preSolution
		HideSolutionNode = FALSE
	EndGlobalSection
	GlobalSection(ExtensibilityGlobals) = postSolution
		SolutionGuid = {29C44A7F-6D25-4774-8622-D8F797A86ACF}
	EndGlobalSection
EndGlobal
